{
  "name": "programa_captura_paquetes",
  "version": "1.0.0",
  "lockfileVersion": 3,
  "requires": true,
  "packages": {
    "": {
      "name": "programa_captura_paquetes",
      "version": "1.0.0",
      "license": "ISC",
      "dependencies": {
        "cap": "^0.2.1",
        "is-number": "^7.0.0",
        "pingus": "^1.2.4"
      }
    },
    "node_modules/@wnynya/dns": {
      "version": "0.7.1",
      "resolved": "https://registry.npmjs.org/@wnynya/dns/-/dns-0.7.1.tgz",
      "integrity": "sha512-d/YnkbsBuJKusesW6+vuKOx30KuPJv/ya9uSbzUlRB9DrFG1Gtc/9JZDBm1FOcvMjExtJ0nPRqL2aMA2RaM0dQ=="
    },
    "node_modules/@wnynya/ip": {
      "version": "0.9.0",
      "resolved": "https://registry.npmjs.org/@wnynya/ip/-/ip-0.9.0.tgz",
      "integrity": "sha512-xcvMvQj3rv+4VHYG7tohTWhulNOYklgFORSnu1YGMrqWuSdTZUvOFu833C4Wms4Y3Ak1PkcZTEeDFMYwZIxP+Q=="
    },
    "node_modules/cap": {
      "version": "0.2.1",
      "resolved": "https://registry.npmjs.org/cap/-/cap-0.2.1.tgz",
      "integrity": "sha512-0n10YndTkI4V+rsPVvYFdqlA0Bjf8NFlP/Wgp0W0ymudkijuqkmSVdIWigFe2YdPhjjxTJdW9Mu5ee4VwB0L+A==",
      "hasInstallScript": true,
      "dependencies": {
        "nan": "^2.14.0"
      },
      "engines": {
        "node": ">=4.0.0"
      }
    },
    "node_modules/is-number": {
      "version": "7.0.0",
      "resolved": "https://registry.npmjs.org/is-number/-/is-number-7.0.0.tgz",
      "integrity": "sha512-41Cifkg6e8TylSpdtTpeLVMqvSBEVzTttHvERD741+pnZ8ANv0004MRL43QKPDlK9cGvNp6NZWZUBlbGXYxxng==",
      "engines": {
        "node": ">=0.12.0"
      }
    },
    "node_modules/nan": {
      "version": "2.19.0",
      "resolved": "https://registry.npmjs.org/nan/-/nan-2.19.0.tgz",
      "integrity": "sha512-nO1xXxfh/RWNxfd/XPfbIfFk5vgLsAxUR9y5O0cHMJu/AW9U95JLXqthYHjEp+8gQ5p96K9jUp8nbVOxCdRbtw=="
    },
    "node_modules/node-gyp-build": {
      "version": "4.8.0",
      "resolved": "git+ssh://git@github.com/derevnjuk/node-gyp-build.git#0d253a1f7f903f8ac211c5dfc711ffc422d6e3f4",
      "integrity": "sha512-k5kOAtbp3q+puv3wHV6ZMMAHa2oKH9TTOHWCv8GcJDp4a3EaFvXpFtp2eQiSiP2fPloZD9uaH9f3rrPzfEIMLw==",
      "license": "MIT",
      "bin": {
        "node-gyp-build": "bin.js",
        "node-gyp-build-optional": "optional.js",
        "node-gyp-build-test": "build-test.js"
      }
    },
    "node_modules/pingus": {
      "version": "1.2.4",
      "resolved": "https://registry.npmjs.org/pingus/-/pingus-1.2.4.tgz",
      "integrity": "sha512-SEJtHMDLWLIgXsoUzVEo8MBEzKPzngwPrpxXC+FaO03coE4AlcrU0K2ivIFwAYJWgABPqO9110zyBEnnZtDzWA==",
      "dependencies": {
        "@wnynya/dns": "^0.7.1",
        "@wnynya/ip": "^0.9.0",
        "raw-socket": "npm:@neuralegion/raw-socket@^1.8.2"
      },
      "engines": {
        "node": ">=18"
      }
    },
    "node_modules/raw-socket": {
      "name": "@neuralegion/raw-socket",
      "version": "1.8.5",
      "resolved": "https://registry.npmjs.org/@neuralegion/raw-socket/-/raw-socket-1.8.5.tgz",
      "integrity": "sha512-RvRZ3qxy8JAIn52VTbJ7+P2s2XSZ7+5hX/Bu+oIe7y1CG/Ktk+HnHWMlTxqMzR0+O4TgsO4fGpZ0VRRS2rLonw==",
      "hasInstallScript": true,
      "dependencies": {
        "nan": "^2.19.0",
        "node-gyp-build": "github:derevnjuk/node-gyp-build#0d253a1f7f903f8ac211c5dfc711ffc422d6e3f4"
      }
    }
  }
}
